
Microsoft Visual Studio Solution File, Format Version 12.00
# Visual Studio Version 17
VisualStudioVersion = 17.0.32014.148
MinimumVisualStudioVersion = 10.0.40219.1
Project("{FAE04EC0-301F-11D3-BF4B-00C04F79EFBC}") = "Task.Web", "Task.Web\Task.Web.csproj", "{C6B98D76-C3FC-46B7-9B82-D14083D36C19}"
EndProject
Global
	GlobalSection(SolutionConfigurationPlatforms) = preSolution
		Debug|Any CPU = Debug|Any CPU
		Release|Any CPU = Release|Any CPU
	EndGlobalSection
	GlobalSection(ProjectConfigurationPlatforms) = postSolution
		{C6B98D76-C3FC-46B7-9B82-D14083D36C19}.Debug|Any CPU.ActiveCfg = Debug|Any CPU
		{C6B98D76-C3FC-46B7-9B82-D14083D36C19}.Debug|Any CPU.Build.0 = Debug|Any CPU
		{C6B98D76-C3FC-46B7-9B82-D14083D36C19}.Release|Any CPU.ActiveCfg = Release|Any CPU
		{C6B98D76-C3FC-46B7-9B82-D14083D36C19}.Release|Any CPU.Build.0 = Release|Any CPU
	EndGlobalSection
	GlobalSection(SolutionProperties) = preSolution
		HideSolutionNode = FALSE
	EndGlobalSection
	GlobalSection(ExtensibilityGlobals) = postSolution
		SolutionGuid = {0C5F95A8-D649-45AA-8956-876520C9C723}
	EndGlobalSection
EndGlobal
