
Microsoft Visual Studio Solution File, Format Version 12.00
# Visual Studio Version 17
VisualStudioVersion = 17.0.32014.148
MinimumVisualStudioVersion = 10.0.40219.1
Project("{9A19103F-16F7-4668-BE54-9A1E7A4F7556}") = "TestTask.Web", "Task.Web\TestTask.Web.csproj", "{C6B98D76-C3FC-46B7-9B82-D14083D36C19}"
EndProject
Project("{9A19103F-16F7-4668-BE54-9A1E7A4F7556}") = "TestTask.Repository", "Task.Repository\TestTask.Repository.csproj", "{72319884-5F13-4414-BC5C-174BED41888B}"
EndProject
Project("{9A19103F-16F7-4668-BE54-9A1E7A4F7556}") = "TestTask.Services", "Task.Services\TestTask.Services.csproj", "{EE19B5E6-1A79-4787-B604-DF1B12E0E73A}"
EndProject
Project("{00D1A9C2-B5F0-4AF3-8072-F6C62B433612}") = "TestTask.DataBase", "TestTask.DataBase\TestTask.DataBase.sqlproj", "{9555FD4B-A1FA-4B81-A106-93725D61DD9D}"
EndProject
Project("{9A19103F-16F7-4668-BE54-9A1E7A4F7556}") = "NewsParser", "NewsParser\NewsParser.csproj", "{AB435DBC-6EC5-471E-ACE1-9F1C040DD4F9}"
EndProject
Project("{00D1A9C2-B5F0-4AF3-8072-F6C62B433612}") = "NewsParser.DataBase", "NewsParser.DataBase\NewsParser.DataBase.sqlproj", "{D6CC01EA-89D8-4F84-9AAE-A553A68338B0}"
EndProject
Project("{9A19103F-16F7-4668-BE54-9A1E7A4F7556}") = "NewsParser.Repositories", "NewsParser.Repository\NewsParser.Repositories.csproj", "{8833A4D2-159F-4AD4-BBA9-42AFBBF83C10}"
EndProject
Project("{9A19103F-16F7-4668-BE54-9A1E7A4F7556}") = "NewsParser.Services", "NewsParser.Services\NewsParser.Services.csproj", "{15EFE2DD-16D6-4293-BD9A-4701E8DFECB3}"
	ProjectSection(ProjectDependencies) = postProject
		{8833A4D2-159F-4AD4-BBA9-42AFBBF83C10} = {8833A4D2-159F-4AD4-BBA9-42AFBBF83C10}
		{5AF821E9-D22F-4817-B9AC-883F3F5279EC} = {5AF821E9-D22F-4817-B9AC-883F3F5279EC}
	EndProjectSection
EndProject
Project("{2150E333-8FDC-42A3-9474-1A3956D46DE8}") = "TestTask", "TestTask", "{9B8DC72C-AA03-422B-865F-4AF697E937DA}"
EndProject
Project("{2150E333-8FDC-42A3-9474-1A3956D46DE8}") = "NewsParserApp", "NewsParserApp", "{FA43BE8E-CFEC-4F67-AF9B-4E1E4A22FD1D}"
EndProject
Project("{FAE04EC0-301F-11D3-BF4B-00C04F79EFBC}") = "NewsParser.Common", "NewsParser.Common\NewsParser.Common.csproj", "{5AF821E9-D22F-4817-B9AC-883F3F5279EC}"
EndProject
Global
	GlobalSection(SolutionConfigurationPlatforms) = preSolution
		Debug|Any CPU = Debug|Any CPU
		Release|Any CPU = Release|Any CPU
	EndGlobalSection
	GlobalSection(ProjectConfigurationPlatforms) = postSolution
		{C6B98D76-C3FC-46B7-9B82-D14083D36C19}.Debug|Any CPU.ActiveCfg = Debug|Any CPU
		{C6B98D76-C3FC-46B7-9B82-D14083D36C19}.Debug|Any CPU.Build.0 = Debug|Any CPU
		{C6B98D76-C3FC-46B7-9B82-D14083D36C19}.Release|Any CPU.ActiveCfg = Release|Any CPU
		{C6B98D76-C3FC-46B7-9B82-D14083D36C19}.Release|Any CPU.Build.0 = Release|Any CPU
		{72319884-5F13-4414-BC5C-174BED41888B}.Debug|Any CPU.ActiveCfg = Debug|Any CPU
		{72319884-5F13-4414-BC5C-174BED41888B}.Debug|Any CPU.Build.0 = Debug|Any CPU
		{72319884-5F13-4414-BC5C-174BED41888B}.Release|Any CPU.ActiveCfg = Release|Any CPU
		{72319884-5F13-4414-BC5C-174BED41888B}.Release|Any CPU.Build.0 = Release|Any CPU
		{EE19B5E6-1A79-4787-B604-DF1B12E0E73A}.Debug|Any CPU.ActiveCfg = Debug|Any CPU
		{EE19B5E6-1A79-4787-B604-DF1B12E0E73A}.Debug|Any CPU.Build.0 = Debug|Any CPU
		{EE19B5E6-1A79-4787-B604-DF1B12E0E73A}.Release|Any CPU.ActiveCfg = Release|Any CPU
		{EE19B5E6-1A79-4787-B604-DF1B12E0E73A}.Release|Any CPU.Build.0 = Release|Any CPU
		{9555FD4B-A1FA-4B81-A106-93725D61DD9D}.Debug|Any CPU.ActiveCfg = Debug|Any CPU
		{9555FD4B-A1FA-4B81-A106-93725D61DD9D}.Debug|Any CPU.Build.0 = Debug|Any CPU
		{9555FD4B-A1FA-4B81-A106-93725D61DD9D}.Debug|Any CPU.Deploy.0 = Debug|Any CPU
		{9555FD4B-A1FA-4B81-A106-93725D61DD9D}.Release|Any CPU.ActiveCfg = Release|Any CPU
		{9555FD4B-A1FA-4B81-A106-93725D61DD9D}.Release|Any CPU.Build.0 = Release|Any CPU
		{9555FD4B-A1FA-4B81-A106-93725D61DD9D}.Release|Any CPU.Deploy.0 = Release|Any CPU
		{AB435DBC-6EC5-471E-ACE1-9F1C040DD4F9}.Debug|Any CPU.ActiveCfg = Debug|Any CPU
		{AB435DBC-6EC5-471E-ACE1-9F1C040DD4F9}.Debug|Any CPU.Build.0 = Debug|Any CPU
		{AB435DBC-6EC5-471E-ACE1-9F1C040DD4F9}.Release|Any CPU.ActiveCfg = Release|Any CPU
		{AB435DBC-6EC5-471E-ACE1-9F1C040DD4F9}.Release|Any CPU.Build.0 = Release|Any CPU
		{D6CC01EA-89D8-4F84-9AAE-A553A68338B0}.Debug|Any CPU.ActiveCfg = Debug|Any CPU
		{D6CC01EA-89D8-4F84-9AAE-A553A68338B0}.Debug|Any CPU.Build.0 = Debug|Any CPU
		{D6CC01EA-89D8-4F84-9AAE-A553A68338B0}.Debug|Any CPU.Deploy.0 = Debug|Any CPU
		{D6CC01EA-89D8-4F84-9AAE-A553A68338B0}.Release|Any CPU.ActiveCfg = Release|Any CPU
		{D6CC01EA-89D8-4F84-9AAE-A553A68338B0}.Release|Any CPU.Build.0 = Release|Any CPU
		{D6CC01EA-89D8-4F84-9AAE-A553A68338B0}.Release|Any CPU.Deploy.0 = Release|Any CPU
		{8833A4D2-159F-4AD4-BBA9-42AFBBF83C10}.Debug|Any CPU.ActiveCfg = Debug|Any CPU
		{8833A4D2-159F-4AD4-BBA9-42AFBBF83C10}.Debug|Any CPU.Build.0 = Debug|Any CPU
		{8833A4D2-159F-4AD4-BBA9-42AFBBF83C10}.Release|Any CPU.ActiveCfg = Release|Any CPU
		{8833A4D2-159F-4AD4-BBA9-42AFBBF83C10}.Release|Any CPU.Build.0 = Release|Any CPU
		{15EFE2DD-16D6-4293-BD9A-4701E8DFECB3}.Debug|Any CPU.ActiveCfg = Debug|Any CPU
		{15EFE2DD-16D6-4293-BD9A-4701E8DFECB3}.Debug|Any CPU.Build.0 = Debug|Any CPU
		{15EFE2DD-16D6-4293-BD9A-4701E8DFECB3}.Release|Any CPU.ActiveCfg = Release|Any CPU
		{15EFE2DD-16D6-4293-BD9A-4701E8DFECB3}.Release|Any CPU.Build.0 = Release|Any CPU
		{5AF821E9-D22F-4817-B9AC-883F3F5279EC}.Debug|Any CPU.ActiveCfg = Debug|Any CPU
		{5AF821E9-D22F-4817-B9AC-883F3F5279EC}.Debug|Any CPU.Build.0 = Debug|Any CPU
		{5AF821E9-D22F-4817-B9AC-883F3F5279EC}.Release|Any CPU.ActiveCfg = Release|Any CPU
		{5AF821E9-D22F-4817-B9AC-883F3F5279EC}.Release|Any CPU.Build.0 = Release|Any CPU
	EndGlobalSection
	GlobalSection(SolutionProperties) = preSolution
		HideSolutionNode = FALSE
	EndGlobalSection
	GlobalSection(NestedProjects) = preSolution
		{C6B98D76-C3FC-46B7-9B82-D14083D36C19} = {9B8DC72C-AA03-422B-865F-4AF697E937DA}
		{72319884-5F13-4414-BC5C-174BED41888B} = {9B8DC72C-AA03-422B-865F-4AF697E937DA}
		{EE19B5E6-1A79-4787-B604-DF1B12E0E73A} = {9B8DC72C-AA03-422B-865F-4AF697E937DA}
		{9555FD4B-A1FA-4B81-A106-93725D61DD9D} = {9B8DC72C-AA03-422B-865F-4AF697E937DA}
		{AB435DBC-6EC5-471E-ACE1-9F1C040DD4F9} = {FA43BE8E-CFEC-4F67-AF9B-4E1E4A22FD1D}
		{D6CC01EA-89D8-4F84-9AAE-A553A68338B0} = {FA43BE8E-CFEC-4F67-AF9B-4E1E4A22FD1D}
		{8833A4D2-159F-4AD4-BBA9-42AFBBF83C10} = {FA43BE8E-CFEC-4F67-AF9B-4E1E4A22FD1D}
		{15EFE2DD-16D6-4293-BD9A-4701E8DFECB3} = {FA43BE8E-CFEC-4F67-AF9B-4E1E4A22FD1D}
		{5AF821E9-D22F-4817-B9AC-883F3F5279EC} = {FA43BE8E-CFEC-4F67-AF9B-4E1E4A22FD1D}
	EndGlobalSection
	GlobalSection(ExtensibilityGlobals) = postSolution
		SolutionGuid = {0C5F95A8-D649-45AA-8956-876520C9C723}
	EndGlobalSection
EndGlobal
